
Microsoft Visual Studio Solution File, Format Version 11.00
# Visual Studio 2010
Project("{FAE04EC0-301F-11D3-BF4B-00C04F79EFBC}") = "Assembly-CSharp", "Assembly-CSharp.csproj", "{2342cde1-e77d-1bcb-1eb5-17fde3ff8f75}"
EndProject
Project("{FAE04EC0-301F-11D3-BF4B-00C04F79EFBC}") = "Sirenix.Source", "Sirenix.Source.csproj", "{28d49f62-35be-1ba3-0273-09f3bd884003}"
EndProject
Project("{FAE04EC0-301F-11D3-BF4B-00C04F79EFBC}") = "Assembly-CSharp-Editor", "Assembly-CSharp-Editor.csproj", "{4adaeef7-0d10-49f9-f7b3-be14a8e54cb1}"
EndProject
Global
	GlobalSection(SolutionConfigurationPlatforms) = preSolution
		Debug|Any CPU = Debug|Any CPU
	EndGlobalSection
	GlobalSection(ProjectConfigurationPlatforms) = postSolution
		{2342cde1-e77d-1bcb-1eb5-17fde3ff8f75}.Debug|Any CPU.ActiveCfg = Debug|Any CPU
		{2342cde1-e77d-1bcb-1eb5-17fde3ff8f75}.Debug|Any CPU.Build.0 = Debug|Any CPU
		{28d49f62-35be-1ba3-0273-09f3bd884003}.Debug|Any CPU.ActiveCfg = Debug|Any CPU
		{28d49f62-35be-1ba3-0273-09f3bd884003}.Debug|Any CPU.Build.0 = Debug|Any CPU
		{4adaeef7-0d10-49f9-f7b3-be14a8e54cb1}.Debug|Any CPU.ActiveCfg = Debug|Any CPU
		{4adaeef7-0d10-49f9-f7b3-be14a8e54cb1}.Debug|Any CPU.Build.0 = Debug|Any CPU
	EndGlobalSection
	GlobalSection(SolutionProperties) = preSolution
		HideSolutionNode = FALSE
	EndGlobalSection
EndGlobal
